
Microsoft Visual Studio Solution File, Format Version 12.00
# Visual Studio 14
VisualStudioVersion = 14.0.25123.0
MinimumVisualStudioVersion = 10.0.40219.1
Project("{FAE04EC0-301F-11D3-BF4B-00C04F79EFBC}") = "LeapCSharp.Net2.0", "LeapCSharp.NET2.0\LeapCSharp.Net2.0.csproj", "{FC696C94-DC3C-4021-A755-592FDCEC1484}"
EndProject
Global
	GlobalSection(SolutionConfigurationPlatforms) = preSolution
		Debug|Any CPU = Debug|Any CPU
		Release|Any CPU = Release|Any CPU
	EndGlobalSection
	GlobalSection(ProjectConfigurationPlatforms) = postSolution
		{FC696C94-DC3C-4021-A755-592FDCEC1484}.Debug|Any CPU.ActiveCfg = Debug|Any CPU
		{FC696C94-DC3C-4021-A755-592FDCEC1484}.Debug|Any CPU.Build.0 = Debug|Any CPU
		{FC696C94-DC3C-4021-A755-592FDCEC1484}.Release|Any CPU.ActiveCfg = Release|Any CPU
		{FC696C94-DC3C-4021-A755-592FDCEC1484}.Release|Any CPU.Build.0 = Release|Any CPU
	EndGlobalSection
	GlobalSection(SolutionProperties) = preSolution
		HideSolutionNode = FALSE
	EndGlobalSection
EndGlobal
